
Microsoft Visual Studio Solution File, Format Version 12.00
# Visual Studio Version 18
VisualStudioVersion = 18.3.11312.210 d18.3
MinimumVisualStudioVersion = 10.0.40219.1
Project("{9A19103F-16F7-4668-BE54-9A1E7A4F7556}") = "RoslynScribe", "src\RoslynScribe\RoslynScribe.csproj", "{E319ED67-CF7C-4802-8ED0-5DE447E70C2E}"
EndProject
Project("{9A19103F-16F7-4668-BE54-9A1E7A4F7556}") = "RoslynScribe.TestProject", "src\RoslynScribe.TestProject\RoslynScribe.TestProject.csproj", "{A21D7AFF-CEED-4BBD-9183-F3DD57680064}"
EndProject
Project("{9A19103F-16F7-4668-BE54-9A1E7A4F7556}") = "RoslynScribe.Domain.Tests", "tests\RoslynScribe.Domain.Tests\RoslynScribe.Domain.Tests.csproj", "{A4749D54-A7E1-494F-A10A-F29E924AA3B6}"
EndProject
Project("{9A19103F-16F7-4668-BE54-9A1E7A4F7556}") = "RoslynScribe.Domain", "src\RoslynScribe.Domain\RoslynScribe.Domain.csproj", "{678D98CC-7587-4DAE-BFBB-9C72CA3258CD}"
EndProject
Project("{9A19103F-16F7-4668-BE54-9A1E7A4F7556}") = "RoslynScribe.OtherTestProject", "tests\RoslynScribe.OtherTestProject\RoslynScribe.OtherTestProject.csproj", "{A19D572C-1966-4B34-B31A-FDEEED7016D1}"
EndProject
Project("{FAE04EC0-301F-11D3-BF4B-00C04F79EFBC}") = "RoslynScribe.Printer.Mermaid", "src\RoslynScribe.Printer.Mermaid\RoslynScribe.Printer.Mermaid.csproj", "{952A7BD4-5604-4F42-9740-8F8D30120E3B}"
EndProject
Project("{2150E333-8FDC-42A3-9474-1A3956D46DE8}") = "RoslynScribe.Visualizer", "RoslynScribe.Visualizer", "{13D434EA-4D5B-416D-A695-1507D237D5D6}"
	ProjectSection(SolutionItems) = preProject
		src\RoslynScribe.Visualizer\app.js = src\RoslynScribe.Visualizer\app.js
		src\RoslynScribe.Visualizer\app.js.map = src\RoslynScribe.Visualizer\app.js.map
		src\RoslynScribe.Visualizer\app.ts = src\RoslynScribe.Visualizer\app.ts
		src\RoslynScribe.Visualizer\index.html = src\RoslynScribe.Visualizer\index.html
		src\RoslynScribe.Visualizer\style.css = src\RoslynScribe.Visualizer\style.css
		src\RoslynScribe.Visualizer\tsconfig.json = src\RoslynScribe.Visualizer\tsconfig.json
		src\RoslynScribe.Visualizer\types.ts = src\RoslynScribe.Visualizer\types.ts
	EndProjectSection
EndProject
Global
	GlobalSection(SolutionConfigurationPlatforms) = preSolution
		Debug|Any CPU = Debug|Any CPU
		Release|Any CPU = Release|Any CPU
	EndGlobalSection
	GlobalSection(ProjectConfigurationPlatforms) = postSolution
		{E319ED67-CF7C-4802-8ED0-5DE447E70C2E}.Debug|Any CPU.ActiveCfg = Debug|Any CPU
		{E319ED67-CF7C-4802-8ED0-5DE447E70C2E}.Debug|Any CPU.Build.0 = Debug|Any CPU
		{E319ED67-CF7C-4802-8ED0-5DE447E70C2E}.Release|Any CPU.ActiveCfg = Release|Any CPU
		{E319ED67-CF7C-4802-8ED0-5DE447E70C2E}.Release|Any CPU.Build.0 = Release|Any CPU
		{A21D7AFF-CEED-4BBD-9183-F3DD57680064}.Debug|Any CPU.ActiveCfg = Debug|Any CPU
		{A21D7AFF-CEED-4BBD-9183-F3DD57680064}.Debug|Any CPU.Build.0 = Debug|Any CPU
		{A21D7AFF-CEED-4BBD-9183-F3DD57680064}.Release|Any CPU.ActiveCfg = Release|Any CPU
		{A21D7AFF-CEED-4BBD-9183-F3DD57680064}.Release|Any CPU.Build.0 = Release|Any CPU
		{A4749D54-A7E1-494F-A10A-F29E924AA3B6}.Debug|Any CPU.ActiveCfg = Debug|Any CPU
		{A4749D54-A7E1-494F-A10A-F29E924AA3B6}.Debug|Any CPU.Build.0 = Debug|Any CPU
		{A4749D54-A7E1-494F-A10A-F29E924AA3B6}.Release|Any CPU.ActiveCfg = Release|Any CPU
		{A4749D54-A7E1-494F-A10A-F29E924AA3B6}.Release|Any CPU.Build.0 = Release|Any CPU
		{678D98CC-7587-4DAE-BFBB-9C72CA3258CD}.Debug|Any CPU.ActiveCfg = Debug|Any CPU
		{678D98CC-7587-4DAE-BFBB-9C72CA3258CD}.Debug|Any CPU.Build.0 = Debug|Any CPU
		{678D98CC-7587-4DAE-BFBB-9C72CA3258CD}.Release|Any CPU.ActiveCfg = Release|Any CPU
		{678D98CC-7587-4DAE-BFBB-9C72CA3258CD}.Release|Any CPU.Build.0 = Release|Any CPU
		{A19D572C-1966-4B34-B31A-FDEEED7016D1}.Debug|Any CPU.ActiveCfg = Debug|Any CPU
		{A19D572C-1966-4B34-B31A-FDEEED7016D1}.Debug|Any CPU.Build.0 = Debug|Any CPU
		{A19D572C-1966-4B34-B31A-FDEEED7016D1}.Release|Any CPU.ActiveCfg = Release|Any CPU
		{A19D572C-1966-4B34-B31A-FDEEED7016D1}.Release|Any CPU.Build.0 = Release|Any CPU
		{952A7BD4-5604-4F42-9740-8F8D30120E3B}.Debug|Any CPU.ActiveCfg = Debug|Any CPU
		{952A7BD4-5604-4F42-9740-8F8D30120E3B}.Debug|Any CPU.Build.0 = Debug|Any CPU
		{952A7BD4-5604-4F42-9740-8F8D30120E3B}.Release|Any CPU.ActiveCfg = Release|Any CPU
		{952A7BD4-5604-4F42-9740-8F8D30120E3B}.Release|Any CPU.Build.0 = Release|Any CPU
	EndGlobalSection
	GlobalSection(SolutionProperties) = preSolution
		HideSolutionNode = FALSE
	EndGlobalSection
	GlobalSection(ExtensibilityGlobals) = postSolution
		SolutionGuid = {6C5B52EE-E951-4419-BC3A-83F79CE8781C}
	EndGlobalSection
EndGlobal
